
Microsoft Visual Studio Solution File, Format Version 12.00
# Visual Studio Version 16
VisualStudioVersion = 16.0.31624.102
MinimumVisualStudioVersion = 10.0.40219.1
Project("{FAE04EC0-301F-11D3-BF4B-00C04F79EFBC}") = "xadrez-console", "xadrez-console\xadrez-console.csproj", "{32895E6D-0C88-4F5C-8A53-CE4D8553698D}"
EndProject
Global
	GlobalSection(SolutionConfigurationPlatforms) = preSolution
		Debug|Any CPU = Debug|Any CPU
		Release|Any CPU = Release|Any CPU
	EndGlobalSection
	GlobalSection(ProjectConfigurationPlatforms) = postSolution
		{32895E6D-0C88-4F5C-8A53-CE4D8553698D}.Debug|Any CPU.ActiveCfg = Debug|Any CPU
		{32895E6D-0C88-4F5C-8A53-CE4D8553698D}.Debug|Any CPU.Build.0 = Debug|Any CPU
		{32895E6D-0C88-4F5C-8A53-CE4D8553698D}.Release|Any CPU.ActiveCfg = Release|Any CPU
		{32895E6D-0C88-4F5C-8A53-CE4D8553698D}.Release|Any CPU.Build.0 = Release|Any CPU
	EndGlobalSection
	GlobalSection(SolutionProperties) = preSolution
		HideSolutionNode = FALSE
	EndGlobalSection
	GlobalSection(ExtensibilityGlobals) = postSolution
		SolutionGuid = {DF7576FA-9499-4FF8-975C-B2FD51543561}
	EndGlobalSection
EndGlobal
